{
  "name": "ProjectFolder",
  "lockfileVersion": 2,
  "requires": true,
  "packages": {
    "": {
      "dependencies": {
        "@edx/frontend-component-header": "file:../path/to/local/module"
      }
    },
    "../path/to/local/module": {},
    "node_modules/@edx/frontend-component-header": {
      "resolved": "../path/to/local/module",
      "link": true
    }
  },
  "dependencies": {
    "@edx/frontend-component-header": {
      "version": "file:../path/to/local/module"
    }
  }
}
